{
  "name": "_npm",
  "version": "1.0.0",
  "lockfileVersion": 2,
  "requires": true,
  "packages": {
    "": {
      "name": "_npm",
      "version": "1.0.0",
      "license": "ISC",
      "dependencies": {
        "@uppy/dashboard": "^3.7.1"
      }
    },
    "node_modules/@transloadit/prettier-bytes": {
      "version": "0.0.9",
      "resolved": "https://registry.npmjs.org/@transloadit/prettier-bytes/-/prettier-bytes-0.0.9.tgz",
      "integrity": "sha512-pCvdmea/F3Tn4hAtHqNXmjcixSaroJJ+L3STXlYJdir1g1m2mRQpWbN8a4SvgQtaw2930Ckhdx8qXdXBFMKbAA=="
    },
    "node_modules/@uppy/core": {
      "version": "3.7.1",
      "resolved": "https://registry.npmjs.org/@uppy/core/-/core-3.7.1.tgz",
      "integrity": "sha512-P8JoDbDYyJ5ZX35+IfrDj2WupKvfEpYwoMgyjutaLhaT/+hmHoTivZpJV256eaZahJMTYrQlZmGfXy1LRByV3A==",
      "peer": true,
      "dependencies": {
        "@transloadit/prettier-bytes": "0.0.9",
        "@uppy/store-default": "^3.0.5",
        "@uppy/utils": "^5.6.0",
        "lodash": "^4.17.21",
        "mime-match": "^1.0.2",
        "namespace-emitter": "^2.0.1",
        "nanoid": "^4.0.0",
        "preact": "^10.5.13"
      }
    },
    "node_modules/@uppy/dashboard": {
      "version": "3.7.1",
      "resolved": "https://registry.npmjs.org/@uppy/dashboard/-/dashboard-3.7.1.tgz",
      "integrity": "sha512-qtCMXd2Ymrw0qNGSTlEEMyyDkGUCm+wX5/VrmV9lnfT7JtlSfotUK0K6KvkBeu2v1Chsu27C6Xlq6RddZMR2xQ==",
      "dependencies": {
        "@transloadit/prettier-bytes": "0.0.7",
        "@uppy/informer": "^3.0.4",
        "@uppy/provider-views": "^3.7.0",
        "@uppy/status-bar": "^3.2.5",
        "@uppy/thumbnail-generator": "^3.0.6",
        "@uppy/utils": "^5.6.0",
        "classnames": "^2.2.6",
        "is-shallow-equal": "^1.0.1",
        "lodash": "^4.17.21",
        "memoize-one": "^6.0.0",
        "nanoid": "^4.0.0",
        "preact": "^10.5.13"
      },
      "peerDependencies": {
        "@uppy/core": "^3.7.1"
      }
    },
    "node_modules/@uppy/dashboard/node_modules/@transloadit/prettier-bytes": {
      "version": "0.0.7",
      "resolved": "https://registry.npmjs.org/@transloadit/prettier-bytes/-/prettier-bytes-0.0.7.tgz",
      "integrity": "sha512-VeJbUb0wEKbcwaSlj5n+LscBl9IPgLPkHVGBkh00cztv6X4L/TJXK58LzFuBKX7/GAfiGhIwH67YTLTlzvIzBA=="
    },
    "node_modules/@uppy/informer": {
      "version": "3.0.4",
      "resolved": "https://registry.npmjs.org/@uppy/informer/-/informer-3.0.4.tgz",
      "integrity": "sha512-gzocdxn8qAFsW2EryehwjghladaBgv6Isjte53FTBV7o/vjaHPP6huKGbYpljyuQi8i9V+KrmvNGslofssgJ4g==",
      "dependencies": {
        "@uppy/utils": "^5.5.2",
        "preact": "^10.5.13"
      },
      "peerDependencies": {
        "@uppy/core": "^3.6.0"
      }
    },
    "node_modules/@uppy/provider-views": {
      "version": "3.7.0",
      "resolved": "https://registry.npmjs.org/@uppy/provider-views/-/provider-views-3.7.0.tgz",
      "integrity": "sha512-tMdJ/7IaqRtUUwWdiXnOzR3IKJ+82junwkPE6li/MzPWbPCutPuGH113q4vAymxw7oLs2U2VRjivEQcIB+NAMg==",
      "dependencies": {
        "@uppy/utils": "^5.6.0",
        "classnames": "^2.2.6",
        "nanoid": "^4.0.0",
        "p-queue": "^7.3.4",
        "preact": "^10.5.13"
      },
      "peerDependencies": {
        "@uppy/core": "^3.7.0"
      }
    },
    "node_modules/@uppy/status-bar": {
      "version": "3.2.5",
      "resolved": "https://registry.npmjs.org/@uppy/status-bar/-/status-bar-3.2.5.tgz",
      "integrity": "sha512-bRSxBPio5B+Kuf6w8ll+/i9VUwG8f0FnbZ1yQvCr8J9vxhd0Z5hvwhX4NP8uzHC6ZPJHlEQOTsxzGQ6y+Mdm0A==",
      "dependencies": {
        "@transloadit/prettier-bytes": "0.0.9",
        "@uppy/utils": "^5.5.2",
        "classnames": "^2.2.6",
        "preact": "^10.5.13"
      },
      "peerDependencies": {
        "@uppy/core": "^3.6.0"
      }
    },
    "node_modules/@uppy/store-default": {
      "version": "3.0.5",
      "resolved": "https://registry.npmjs.org/@uppy/store-default/-/store-default-3.0.5.tgz",
      "integrity": "sha512-NEow8ZYicAvxEDqcmi9MSW2gy4uElVnRuHoHBx9zwB5g81F9i2Q/i1u08sKzUY704o84zI6bctDe2cCYdBCuZw==",
      "peer": true
    },
    "node_modules/@uppy/thumbnail-generator": {
      "version": "3.0.6",
      "resolved": "https://registry.npmjs.org/@uppy/thumbnail-generator/-/thumbnail-generator-3.0.6.tgz",
      "integrity": "sha512-gsi/BQBiunHneXCbo8VglFbhEb0CoQXQjCyGNKoEq/deEcbXhBBDxkiGcgv83l5GZJl2jLiKWqXnXAXREkldrQ==",
      "dependencies": {
        "@uppy/utils": "^5.5.2",
        "exifr": "^7.0.0"
      },
      "peerDependencies": {
        "@uppy/core": "^3.6.0"
      }
    },
    "node_modules/@uppy/utils": {
      "version": "5.6.0",
      "resolved": "https://registry.npmjs.org/@uppy/utils/-/utils-5.6.0.tgz",
      "integrity": "sha512-Blr6Po6a49niTugSzuguNtH9M1wSU4vdRnaGBsScv+JjcslzG3OkMmfnnhesj1ZIVyxMdVDjyPGXoqh4Wm2Dzg==",
      "dependencies": {
        "lodash": "^4.17.21",
        "preact": "^10.5.13"
      }
    },
    "node_modules/classnames": {
      "version": "2.3.2",
      "resolved": "https://registry.npmjs.org/classnames/-/classnames-2.3.2.tgz",
      "integrity": "sha512-CSbhY4cFEJRe6/GQzIk5qXZ4Jeg5pcsP7b5peFSDpffpe1cqjASH/n9UTjBwOp6XpMSTwQ8Za2K5V02ueA7Tmw=="
    },
    "node_modules/eventemitter3": {
      "version": "5.0.1",
      "resolved": "https://registry.npmjs.org/eventemitter3/-/eventemitter3-5.0.1.tgz",
      "integrity": "sha512-GWkBvjiSZK87ELrYOSESUYeVIc9mvLLf/nXalMOS5dYrgZq9o5OVkbZAVM06CVxYsCwH9BDZFPlQTlPA1j4ahA=="
    },
    "node_modules/exifr": {
      "version": "7.1.3",
      "resolved": "https://registry.npmjs.org/exifr/-/exifr-7.1.3.tgz",
      "integrity": "sha512-g/aje2noHivrRSLbAUtBPWFbxKdKhgj/xr1vATDdUXPOFYJlQ62Ft0oy+72V6XLIpDJfHs6gXLbBLAolqOXYRw=="
    },
    "node_modules/is-shallow-equal": {
      "version": "1.0.1",
      "resolved": "https://registry.npmjs.org/is-shallow-equal/-/is-shallow-equal-1.0.1.tgz",
      "integrity": "sha512-lq5RvK+85Hs5J3p4oA4256M1FEffzmI533ikeDHvJd42nouRRx5wBzt36JuviiGe5dIPyHON/d0/Up+PBo6XkQ=="
    },
    "node_modules/lodash": {
      "version": "4.17.21",
      "resolved": "https://registry.npmjs.org/lodash/-/lodash-4.17.21.tgz",
      "integrity": "sha512-v2kDEe57lecTulaDIuNTPy3Ry4gLGJ6Z1O3vE1krgXZNrsQ+LFTGHVxVjcXPs17LhbZVGedAJv8XZ1tvj5FvSg=="
    },
    "node_modules/memoize-one": {
      "version": "6.0.0",
      "resolved": "https://registry.npmjs.org/memoize-one/-/memoize-one-6.0.0.tgz",
      "integrity": "sha512-rkpe71W0N0c0Xz6QD0eJETuWAJGnJ9afsl1srmwPrI+yBCkge5EycXXbYRyvL29zZVUWQCY7InPRCv3GDXuZNw=="
    },
    "node_modules/mime-match": {
      "version": "1.0.2",
      "resolved": "https://registry.npmjs.org/mime-match/-/mime-match-1.0.2.tgz",
      "integrity": "sha512-VXp/ugGDVh3eCLOBCiHZMYWQaTNUHv2IJrut+yXA6+JbLPXHglHwfS/5A5L0ll+jkCY7fIzRJcH6OIunF+c6Cg==",
      "peer": true,
      "dependencies": {
        "wildcard": "^1.1.0"
      }
    },
    "node_modules/namespace-emitter": {
      "version": "2.0.1",
      "resolved": "https://registry.npmjs.org/namespace-emitter/-/namespace-emitter-2.0.1.tgz",
      "integrity": "sha512-N/sMKHniSDJBjfrkbS/tpkPj4RAbvW3mr8UAzvlMHyun93XEm83IAvhWtJVHo+RHn/oO8Job5YN4b+wRjSVp5g==",
      "peer": true
    },
    "node_modules/nanoid": {
      "version": "4.0.2",
      "resolved": "https://registry.npmjs.org/nanoid/-/nanoid-4.0.2.tgz",
      "integrity": "sha512-7ZtY5KTCNheRGfEFxnedV5zFiORN1+Y1N6zvPTnHQd8ENUvfaDBeuJDZb2bN/oXwXxu3qkTXDzy57W5vAmDTBw==",
      "funding": [
        {
          "type": "github",
          "url": "https://github.com/sponsors/ai"
        }
      ],
      "bin": {
        "nanoid": "bin/nanoid.js"
      },
      "engines": {
        "node": "^14 || ^16 || >=18"
      }
    },
    "node_modules/p-queue": {
      "version": "7.4.1",
      "resolved": "https://registry.npmjs.org/p-queue/-/p-queue-7.4.1.tgz",
      "integrity": "sha512-vRpMXmIkYF2/1hLBKisKeVYJZ8S2tZ0zEAmIJgdVKP2nq0nh4qCdf8bgw+ZgKrkh71AOCaqzwbJJk1WtdcF3VA==",
      "dependencies": {
        "eventemitter3": "^5.0.1",
        "p-timeout": "^5.0.2"
      },
      "engines": {
        "node": ">=12"
      },
      "funding": {
        "url": "https://github.com/sponsors/sindresorhus"
      }
    },
    "node_modules/p-timeout": {
      "version": "5.1.0",
      "resolved": "https://registry.npmjs.org/p-timeout/-/p-timeout-5.1.0.tgz",
      "integrity": "sha512-auFDyzzzGZZZdHz3BtET9VEz0SE/uMEAx7uWfGPucfzEwwe/xH0iVeZibQmANYE/hp9T2+UUZT5m+BKyrDp3Ew==",
      "engines": {
        "node": ">=12"
      },
      "funding": {
        "url": "https://github.com/sponsors/sindresorhus"
      }
    },
    "node_modules/preact": {
      "version": "10.19.2",
      "resolved": "https://registry.npmjs.org/preact/-/preact-10.19.2.tgz",
      "integrity": "sha512-UA9DX/OJwv6YwP9Vn7Ti/vF80XL+YA5H2l7BpCtUr3ya8LWHFzpiO5R+N7dN16ujpIxhekRFuOOF82bXX7K/lg==",
      "funding": {
        "type": "opencollective",
        "url": "https://opencollective.com/preact"
      }
    },
    "node_modules/wildcard": {
      "version": "1.1.2",
      "resolved": "https://registry.npmjs.org/wildcard/-/wildcard-1.1.2.tgz",
      "integrity": "sha512-DXukZJxpHA8LuotRwL0pP1+rS6CS7FF2qStDDE1C7DDg2rLud2PXRMuEDYIPhgEezwnlHNL4c+N6MfMTjCGTng==",
      "peer": true
    }
  },
  "dependencies": {
    "@transloadit/prettier-bytes": {
      "version": "0.0.9",
      "resolved": "https://registry.npmjs.org/@transloadit/prettier-bytes/-/prettier-bytes-0.0.9.tgz",
      "integrity": "sha512-pCvdmea/F3Tn4hAtHqNXmjcixSaroJJ+L3STXlYJdir1g1m2mRQpWbN8a4SvgQtaw2930Ckhdx8qXdXBFMKbAA=="
    },
    "@uppy/core": {
      "version": "3.7.1",
      "resolved": "https://registry.npmjs.org/@uppy/core/-/core-3.7.1.tgz",
      "integrity": "sha512-P8JoDbDYyJ5ZX35+IfrDj2WupKvfEpYwoMgyjutaLhaT/+hmHoTivZpJV256eaZahJMTYrQlZmGfXy1LRByV3A==",
      "peer": true,
      "requires": {
        "@transloadit/prettier-bytes": "0.0.9",
        "@uppy/store-default": "^3.0.5",
        "@uppy/utils": "^5.6.0",
        "lodash": "^4.17.21",
        "mime-match": "^1.0.2",
        "namespace-emitter": "^2.0.1",
        "nanoid": "^4.0.0",
        "preact": "^10.5.13"
      }
    },
    "@uppy/dashboard": {
      "version": "3.7.1",
      "resolved": "https://registry.npmjs.org/@uppy/dashboard/-/dashboard-3.7.1.tgz",
      "integrity": "sha512-qtCMXd2Ymrw0qNGSTlEEMyyDkGUCm+wX5/VrmV9lnfT7JtlSfotUK0K6KvkBeu2v1Chsu27C6Xlq6RddZMR2xQ==",
      "requires": {
        "@transloadit/prettier-bytes": "0.0.7",
        "@uppy/informer": "^3.0.4",
        "@uppy/provider-views": "^3.7.0",
        "@uppy/status-bar": "^3.2.5",
        "@uppy/thumbnail-generator": "^3.0.6",
        "@uppy/utils": "^5.6.0",
        "classnames": "^2.2.6",
        "is-shallow-equal": "^1.0.1",
        "lodash": "^4.17.21",
        "memoize-one": "^6.0.0",
        "nanoid": "^4.0.0",
        "preact": "^10.5.13"
      },
      "dependencies": {
        "@transloadit/prettier-bytes": {
          "version": "0.0.7",
          "resolved": "https://registry.npmjs.org/@transloadit/prettier-bytes/-/prettier-bytes-0.0.7.tgz",
          "integrity": "sha512-VeJbUb0wEKbcwaSlj5n+LscBl9IPgLPkHVGBkh00cztv6X4L/TJXK58LzFuBKX7/GAfiGhIwH67YTLTlzvIzBA=="
        }
      }
    },
    "@uppy/informer": {
      "version": "3.0.4",
      "resolved": "https://registry.npmjs.org/@uppy/informer/-/informer-3.0.4.tgz",
      "integrity": "sha512-gzocdxn8qAFsW2EryehwjghladaBgv6Isjte53FTBV7o/vjaHPP6huKGbYpljyuQi8i9V+KrmvNGslofssgJ4g==",
      "requires": {
        "@uppy/utils": "^5.5.2",
        "preact": "^10.5.13"
      }
    },
    "@uppy/provider-views": {
      "version": "3.7.0",
      "resolved": "https://registry.npmjs.org/@uppy/provider-views/-/provider-views-3.7.0.tgz",
      "integrity": "sha512-tMdJ/7IaqRtUUwWdiXnOzR3IKJ+82junwkPE6li/MzPWbPCutPuGH113q4vAymxw7oLs2U2VRjivEQcIB+NAMg==",
      "requires": {
        "@uppy/utils": "^5.6.0",
        "classnames": "^2.2.6",
        "nanoid": "^4.0.0",
        "p-queue": "^7.3.4",
        "preact": "^10.5.13"
      }
    },
    "@uppy/status-bar": {
      "version": "3.2.5",
      "resolved": "https://registry.npmjs.org/@uppy/status-bar/-/status-bar-3.2.5.tgz",
      "integrity": "sha512-bRSxBPio5B+Kuf6w8ll+/i9VUwG8f0FnbZ1yQvCr8J9vxhd0Z5hvwhX4NP8uzHC6ZPJHlEQOTsxzGQ6y+Mdm0A==",
      "requires": {
        "@transloadit/prettier-bytes": "0.0.9",
        "@uppy/utils": "^5.5.2",
        "classnames": "^2.2.6",
        "preact": "^10.5.13"
      }
    },
    "@uppy/store-default": {
      "version": "3.0.5",
      "resolved": "https://registry.npmjs.org/@uppy/store-default/-/store-default-3.0.5.tgz",
      "integrity": "sha512-NEow8ZYicAvxEDqcmi9MSW2gy4uElVnRuHoHBx9zwB5g81F9i2Q/i1u08sKzUY704o84zI6bctDe2cCYdBCuZw==",
      "peer": true
    },
    "@uppy/thumbnail-generator": {
      "version": "3.0.6",
      "resolved": "https://registry.npmjs.org/@uppy/thumbnail-generator/-/thumbnail-generator-3.0.6.tgz",
      "integrity": "sha512-gsi/BQBiunHneXCbo8VglFbhEb0CoQXQjCyGNKoEq/deEcbXhBBDxkiGcgv83l5GZJl2jLiKWqXnXAXREkldrQ==",
      "requires": {
        "@uppy/utils": "^5.5.2",
        "exifr": "^7.0.0"
      }
    },
    "@uppy/utils": {
      "version": "5.6.0",
      "resolved": "https://registry.npmjs.org/@uppy/utils/-/utils-5.6.0.tgz",
      "integrity": "sha512-Blr6Po6a49niTugSzuguNtH9M1wSU4vdRnaGBsScv+JjcslzG3OkMmfnnhesj1ZIVyxMdVDjyPGXoqh4Wm2Dzg==",
      "requires": {
        "lodash": "^4.17.21",
        "preact": "^10.5.13"
      }
    },
    "classnames": {
      "version": "2.3.2",
      "resolved": "https://registry.npmjs.org/classnames/-/classnames-2.3.2.tgz",
      "integrity": "sha512-CSbhY4cFEJRe6/GQzIk5qXZ4Jeg5pcsP7b5peFSDpffpe1cqjASH/n9UTjBwOp6XpMSTwQ8Za2K5V02ueA7Tmw=="
    },
    "eventemitter3": {
      "version": "5.0.1",
      "resolved": "https://registry.npmjs.org/eventemitter3/-/eventemitter3-5.0.1.tgz",
      "integrity": "sha512-GWkBvjiSZK87ELrYOSESUYeVIc9mvLLf/nXalMOS5dYrgZq9o5OVkbZAVM06CVxYsCwH9BDZFPlQTlPA1j4ahA=="
    },
    "exifr": {
      "version": "7.1.3",
      "resolved": "https://registry.npmjs.org/exifr/-/exifr-7.1.3.tgz",
      "integrity": "sha512-g/aje2noHivrRSLbAUtBPWFbxKdKhgj/xr1vATDdUXPOFYJlQ62Ft0oy+72V6XLIpDJfHs6gXLbBLAolqOXYRw=="
    },
    "is-shallow-equal": {
      "version": "1.0.1",
      "resolved": "https://registry.npmjs.org/is-shallow-equal/-/is-shallow-equal-1.0.1.tgz",
      "integrity": "sha512-lq5RvK+85Hs5J3p4oA4256M1FEffzmI533ikeDHvJd42nouRRx5wBzt36JuviiGe5dIPyHON/d0/Up+PBo6XkQ=="
    },
    "lodash": {
      "version": "4.17.21",
      "resolved": "https://registry.npmjs.org/lodash/-/lodash-4.17.21.tgz",
      "integrity": "sha512-v2kDEe57lecTulaDIuNTPy3Ry4gLGJ6Z1O3vE1krgXZNrsQ+LFTGHVxVjcXPs17LhbZVGedAJv8XZ1tvj5FvSg=="
    },
    "memoize-one": {
      "version": "6.0.0",
      "resolved": "https://registry.npmjs.org/memoize-one/-/memoize-one-6.0.0.tgz",
      "integrity": "sha512-rkpe71W0N0c0Xz6QD0eJETuWAJGnJ9afsl1srmwPrI+yBCkge5EycXXbYRyvL29zZVUWQCY7InPRCv3GDXuZNw=="
    },
    "mime-match": {
      "version": "1.0.2",
      "resolved": "https://registry.npmjs.org/mime-match/-/mime-match-1.0.2.tgz",
      "integrity": "sha512-VXp/ugGDVh3eCLOBCiHZMYWQaTNUHv2IJrut+yXA6+JbLPXHglHwfS/5A5L0ll+jkCY7fIzRJcH6OIunF+c6Cg==",
      "peer": true,
      "requires": {
        "wildcard": "^1.1.0"
      }
    },
    "namespace-emitter": {
      "version": "2.0.1",
      "resolved": "https://registry.npmjs.org/namespace-emitter/-/namespace-emitter-2.0.1.tgz",
      "integrity": "sha512-N/sMKHniSDJBjfrkbS/tpkPj4RAbvW3mr8UAzvlMHyun93XEm83IAvhWtJVHo+RHn/oO8Job5YN4b+wRjSVp5g==",
      "peer": true
    },
    "nanoid": {
      "version": "4.0.2",
      "resolved": "https://registry.npmjs.org/nanoid/-/nanoid-4.0.2.tgz",
      "integrity": "sha512-7ZtY5KTCNheRGfEFxnedV5zFiORN1+Y1N6zvPTnHQd8ENUvfaDBeuJDZb2bN/oXwXxu3qkTXDzy57W5vAmDTBw=="
    },
    "p-queue": {
      "version": "7.4.1",
      "resolved": "https://registry.npmjs.org/p-queue/-/p-queue-7.4.1.tgz",
      "integrity": "sha512-vRpMXmIkYF2/1hLBKisKeVYJZ8S2tZ0zEAmIJgdVKP2nq0nh4qCdf8bgw+ZgKrkh71AOCaqzwbJJk1WtdcF3VA==",
      "requires": {
        "eventemitter3": "^5.0.1",
        "p-timeout": "^5.0.2"
      }
    },
    "p-timeout": {
      "version": "5.1.0",
      "resolved": "https://registry.npmjs.org/p-timeout/-/p-timeout-5.1.0.tgz",
      "integrity": "sha512-auFDyzzzGZZZdHz3BtET9VEz0SE/uMEAx7uWfGPucfzEwwe/xH0iVeZibQmANYE/hp9T2+UUZT5m+BKyrDp3Ew=="
    },
    "preact": {
      "version": "10.19.2",
      "resolved": "https://registry.npmjs.org/preact/-/preact-10.19.2.tgz",
      "integrity": "sha512-UA9DX/OJwv6YwP9Vn7Ti/vF80XL+YA5H2l7BpCtUr3ya8LWHFzpiO5R+N7dN16ujpIxhekRFuOOF82bXX7K/lg=="
    },
    "wildcard": {
      "version": "1.1.2",
      "resolved": "https://registry.npmjs.org/wildcard/-/wildcard-1.1.2.tgz",
      "integrity": "sha512-DXukZJxpHA8LuotRwL0pP1+rS6CS7FF2qStDDE1C7DDg2rLud2PXRMuEDYIPhgEezwnlHNL4c+N6MfMTjCGTng==",
      "peer": true
    }
  }
}
