{
  "name": "ts",
  "version": "1.0.0",
  "lockfileVersion": 3,
  "requires": true,
  "packages": {
    "": {
      "name": "ts",
      "version": "1.0.0",
      "license": "ISC",
      "dependencies": {
        "neo-builder": "^4.1.7-a"
      }
    },
    "node_modules/neo-builder": {
      "version": "4.1.7-a",
      "resolved": "https://registry.npmjs.org/neo-builder/-/neo-builder-4.1.7-a.tgz",
      "integrity": "sha512-+Mukks642+2G/JFojnb0IALwfSultxQDwQ8Py8MZ0J/ffvb2HKBSHCeI3P6cd+N1Y17Xa872HZFr0vhdZWVj/w==",
      "bin": {
        "neo": "bin/neo.js"
      },
      "optionalDependencies": {
        "uglify-js": "^3.17.4"
      }
    },
    "node_modules/uglify-js": {
      "version": "3.17.4",
      "resolved": "https://registry.npmjs.org/uglify-js/-/uglify-js-3.17.4.tgz",
      "integrity": "sha512-T9q82TJI9e/C1TAxYvfb16xO120tMVFZrGA3f9/P4424DNu6ypK103y0GPFVa17yotwSyZW5iYXgjYHkGrJW/g==",
      "optional": true,
      "bin": {
        "uglifyjs": "bin/uglifyjs"
      },
      "engines": {
        "node": ">=0.8.0"
      }
    }
  }
}
